{
    "_readme": [
        "This file locks the dependencies of your project to a known state",
        "Read more about it at https://getcomposer.org/doc/01-basic-usage.md#composer-lock-the-lock-file",
        "This file is @generated automatically"
    ],
    "hash": "ddb3c0684768e3a551a06ded72dc5b67",
    "packages": [
        {
            "name": "geshi/geshi",
            "version": "dev-master",
            "source": {
                "type": "git",
                "url": "https://github.com/GeSHi/geshi-1.0.git",
                "reference": "d9cfd3e0cc9b24e6bd3045a4d222e651e68accd8"
            },
            "dist": {
                "type": "zip",
                "url": "https://api.github.com/repos/GeSHi/geshi-1.0/zipball/d9cfd3e0cc9b24e6bd3045a4d222e651e68accd8",
                "reference": "d9cfd3e0cc9b24e6bd3045a4d222e651e68accd8",
                "shasum": ""
            },
            "type": "library",
            "autoload": {
                "classmap": [
                    "src/geshi/",
                    "src/geshi.php"
                ]
            },
            "notification-url": "https://packagist.org/downloads/",
            "license": [
                "GPL-2.0+"
            ],
            "authors": [
                {
                    "name": "Benny Baumann",
                    "email": "BenBE@geshi.org",
                    "homepage": "http://blog.benny-baumann.de/",
                    "role": "Developer"
                }
            ],
            "description": "Generic Syntax Highlighter",
            "homepage": "http://qbnz.com/highlighter/",
            "time": "2014-11-03 21:20:34"
        },
        {
            "name": "michelf/php-markdown",
            "version": "1.5.0",
            "source": {
                "type": "git",
                "url": "https://github.com/michelf/php-markdown.git",
                "reference": "e1aabe18173231ebcefc90e615565742fc1c7fd9"
            },
            "dist": {
                "type": "zip",
                "url": "https://api.github.com/repos/michelf/php-markdown/zipball/e1aabe18173231ebcefc90e615565742fc1c7fd9",
                "reference": "e1aabe18173231ebcefc90e615565742fc1c7fd9",
                "shasum": ""
            },
            "require": {
                "php": ">=5.3.0"
            },
            "type": "library",
            "extra": {
                "branch-alias": {
                    "dev-lib": "1.4.x-dev"
                }
            },
            "autoload": {
                "psr-0": {
                    "Michelf": ""
                }
            },
            "notification-url": "https://packagist.org/downloads/",
            "license": [
                "BSD-3-Clause"
            ],
            "authors": [
                {
                    "name": "John Gruber",
                    "homepage": "http://daringfireball.net/"
                },
                {
                    "name": "Michel Fortin",
                    "email": "michel.fortin@michelf.ca",
                    "homepage": "https://michelf.ca/",
                    "role": "Developer"
                }
            ],
            "description": "PHP Markdown",
            "homepage": "https://michelf.ca/projects/php-markdown/",
            "keywords": [
                "markdown"
            ],
            "time": "2015-03-01 12:03:08"
        },
        {
            "name": "pear-pear.php.net/Archive_Tar",
            "version": "1.4.0",
            "dist": {
                "type": "file",
                "url": "http://pear.php.net/get/Archive_Tar-1.4.0.tgz",
                "reference": null,
                "shasum": null
            },
            "require": {
                "php": ">=5.2.0.0"
            },
            "replace": {
                "pear-pear/archive_tar": "== 1.4.0.0"
            },
            "type": "pear-library",
            "autoload": {
                "classmap": [
                    ""
                ]
            },
            "include-path": [
                "/"
            ],
            "license": [
                "New BSD License"
            ],
            "description": "This class provides handling of tar files in PHP.\nIt supports creating, listing, extracting and adding to tar files.\nGzip support is available if PHP has the zlib extension built-in or\nloaded. Bz2 compression is also supported with the bz2 extension loaded."
        },
        {
            "name": "pear-pear.php.net/Cache_Lite",
            "version": "1.7.16",
            "dist": {
                "type": "file",
                "url": "http://pear.php.net/get/Cache_Lite-1.7.16.tgz",
                "reference": null,
                "shasum": null
            },
            "require": {
                "pear-pear.php.net/pear": "*",
                "php": ">=4.0.0.0"
            },
            "replace": {
                "pear-pear/cache_lite": "== 1.7.16.0"
            },
            "type": "pear-library",
            "autoload": {
                "classmap": [
                    ""
                ]
            },
            "include-path": [
                "/"
            ],
            "license": [
                "lgpl"
            ],
            "description": "This package is a little cache system optimized for file containers. It is fast and safe (because it\n        uses file locking and/or anti-corruption tests)."
        },
        {
            "name": "pear-pear.php.net/Console_Getopt",
            "version": "1.4.1",
            "dist": {
                "type": "file",
                "url": "http://pear.php.net/get/Console_Getopt-1.4.1.tgz",
                "reference": null,
                "shasum": null
            },
            "require": {
                "php": ">=5.4.0.0"
            },
            "replace": {
                "pear-pear/console_getopt": "== 1.4.1.0"
            },
            "type": "pear-library",
            "autoload": {
                "classmap": [
                    ""
                ]
            },
            "include-path": [
                "/"
            ],
            "license": [
                "BSD-2-Clause"
            ],
            "description": "This is a PHP implementation of \"getopt\" supporting both\nshort and long options."
        },
        {
            "name": "pear-pear.php.net/Crypt_DiffieHellman",
            "version": "0.2.6",
            "dist": {
                "type": "file",
                "url": "http://pear.php.net/get/Crypt_DiffieHellman-0.2.6.tgz",
                "reference": null,
                "shasum": null
            },
            "require": {
                "ext-bcmath": "*",
                "ext-mbstring": "*",
                "php": ">=5.2.0.0"
            },
            "replace": {
                "pear-pear/crypt_diffiehellman": "== 0.2.6.0"
            },
            "type": "pear-library",
            "autoload": {
                "classmap": [
                    ""
                ]
            },
            "include-path": [
                "/"
            ],
            "license": [
                "New BSD License"
            ],
            "description": "Implementation of the Diffie-Hellman Key Exchange cryptographic protocol\nin PHP5. Enables two parties without any prior knowledge of each other\nestablish a secure shared secret key across an insecure channel\nof communication."
        },
        {
            "name": "pear-pear.php.net/Date_HumanDiff",
            "version": "0.5.0",
            "dist": {
                "type": "file",
                "url": "http://pear.php.net/get/Date_HumanDiff-0.5.0.tgz",
                "reference": null,
                "shasum": null
            },
            "require": {
                "php": ">=5.3.0.0"
            },
            "replace": {
                "pear-pear/date_humandiff": "== 0.5.0.0"
            },
            "type": "pear-library",
            "autoload": {
                "classmap": [
                    ""
                ]
            },
            "include-path": [
                "/"
            ],
            "license": [
                "LGPL"
            ],
            "description": "Generate textual time differences that are easily understandable by humans (\"5 minutes ago\").\nThe package supports minutes, hours, days, weeks, months and years.\nA time difference of 65 seconds gets converted to \"a minute ago\"."
        },
        {
            "name": "pear-pear.php.net/HTTP_Request2",
            "version": "2.2.1",
            "dist": {
                "type": "file",
                "url": "http://pear.php.net/get/HTTP_Request2-2.2.1.tgz",
                "reference": null,
                "shasum": null
            },
            "require": {
                "pear-pear.php.net/net_url2": ">=2.0.0.0",
                "pear-pear.php.net/pear": ">=1.9.2.0",
                "php": ">=5.2.0.0"
            },
            "replace": {
                "pear-pear/http_request2": "== 2.2.1.0"
            },
            "type": "pear-library",
            "autoload": {
                "classmap": [
                    ""
                ]
            },
            "include-path": [
                "/"
            ],
            "license": [
                "BSD License"
            ],
            "description": "PHP5 rewrite of HTTP_Request package (with parts of HTTP_Client). Provides\ncleaner API and pluggable Adapters:\n  * Socket adapter, based on old HTTP_Request code,\n  * Curl adapter, wraps around PHP's cURL extension,\n  * Mock adapter, to use for testing packages dependent on HTTP_Request2.\nSupports POST requests with data and file uploads, basic and digest\nauthentication, cookies, managing cookies across requests, proxies, gzip and\ndeflate encodings, redirects, monitoring the request progress with Observers..."
        },
        {
            "name": "pear-pear.php.net/MIME_Type",
            "version": "1.3.5",
            "dist": {
                "type": "file",
                "url": "http://pear.php.net/get/MIME_Type-1.3.5.tgz",
                "reference": null,
                "shasum": null
            },
            "require": {
                "pear-pear.php.net/pear": ">=1.4.0.0",
                "php": ">=4.3.0.0"
            },
            "replace": {
                "pear-pear/mime_type": "== 1.3.5.0"
            },
            "type": "pear-library",
            "autoload": {
                "classmap": [
                    ""
                ]
            },
            "include-path": [
                "/"
            ],
            "license": [
                "LGPL"
            ],
            "description": "Provide functionality for dealing with MIME types.\n* Parse MIME type.\n* Supports full RFC2045 specification.\n* Many utility functions for working with and determining info about types.\n* Most functions can be called statically.\n* Autodetect a file's mime-type, either with fileinfo extension,\n  mime_magic extension, the 'file' command or an in-built mapping list"
        },
        {
            "name": "pear-pear.php.net/Net_URL2",
            "version": "2.2.0",
            "dist": {
                "type": "file",
                "url": "http://pear.php.net/get/Net_URL2-2.2.0.tgz",
                "reference": null,
                "shasum": null
            },
            "require": {
                "php": ">=5.1.4.0"
            },
            "replace": {
                "pear-pear/net_url2": "== 2.2.0.0"
            },
            "type": "pear-library",
            "autoload": {
                "classmap": [
                    ""
                ]
            },
            "include-path": [
                "/"
            ],
            "license": [
                "BSD-3-Clause"
            ],
            "description": "Provides parsing of URLs into their constituent parts (scheme, host, path etc.), URL generation, and resolving of\n    relative URLs."
        },
        {
            "name": "pear-pear.php.net/OpenID",
            "version": "0.4.0",
            "dist": {
                "type": "file",
                "url": "http://pear.php.net/get/OpenID-0.4.0.tgz",
                "reference": null,
                "shasum": null
            },
            "require": {
                "ext-date": "*",
                "ext-dom": "*",
                "ext-hash": "*",
                "ext-libxml": "*",
                "ext-mbstring": "*",
                "ext-pcre": "*",
                "ext-spl": "*",
                "pear-pear.php.net/cache_lite": "*",
                "pear-pear.php.net/crypt_diffiehellman": "*",
                "pear-pear.php.net/http_request2": ">=0.5.1.0",
                "pear-pear.php.net/net_url2": ">=0.2.0.0",
                "pear-pear.php.net/services_yadis": ">=0.5.1.0",
                "php": ">=5.1.2.0"
            },
            "replace": {
                "pear-pear/openid": "== 0.4.0.0"
            },
            "type": "pear-library",
            "autoload": {
                "classmap": [
                    ""
                ]
            },
            "include-path": [
                "/"
            ],
            "license": [
                "New BSD License"
            ],
            "description": "OpenID is a free and easy way to use a single digital identity across the Internet. See http://openid.net for details."
        },
        {
            "name": "pear-pear.php.net/PEAR",
            "version": "1.9.5",
            "dist": {
                "type": "file",
                "url": "http://pear.php.net/get/PEAR-1.9.5.tgz",
                "reference": null,
                "shasum": null
            },
            "require": {
                "ext-pcre": "*",
                "ext-xml": "*",
                "pear-pear.php.net/archive_tar": ">=1.3.11.0",
                "pear-pear.php.net/console_getopt": ">=1.2.0.0",
                "pear-pear.php.net/structures_graph": ">=1.0.2.0",
                "pear-pear.php.net/xml_util": ">=1.2.0.0",
                "php": ">=4.4.0.0,!=5.0.0.0,!=5.1.0.0,!=5.1.1.0,!=5.1.2.0,!=5.1.3.0,!=5.1.4.0,!=5.1.5.0"
            },
            "conflict": {
                "pear-pear.php.net/pear_frontend_gtk": "<0.4.0.0",
                "pear-pear.php.net/pear_frontend_web": "<=0.4.0.0"
            },
            "replace": {
                "pear-pear/pear": "== 1.9.5.0"
            },
            "type": "pear-library",
            "autoload": {
                "classmap": [
                    ""
                ]
            },
            "include-path": [
                "/"
            ],
            "license": [
                "New BSD License"
            ],
            "description": "The PEAR package contains:\n * the PEAR installer, for creating, distributing\n   and installing packages\n * the PEAR_Exception PHP5 error handling mechanism\n * the PEAR_ErrorStack advanced error handling mechanism\n * the PEAR_Error error handling mechanism\n * the OS_Guess class for retrieving info about the OS\n   where PHP is running on\n * the System class for quick handling of common operations\n   with files and directories\n * the PEAR base class\n  Features in a nutshell:\n  * full support for channels\n  * pre-download dependency validation\n  * new package.xml 2.0 format allows tremendous flexibility while maintaining BC\n  * support for optional dependency groups and limited support for sub-packaging\n  * robust dependency support\n  * full dependency validation on uninstall\n  * remote install for hosts with only ftp access - no more problems with\n    restricted host installation\n  * full support for mirroring\n  * support for bundling several packages into a single tarball\n  * support for static dependencies on a url-based package\n  * support for custom file roles and installation tasks"
        },
        {
            "name": "pear-pear.php.net/Pager",
            "version": "2.4.9",
            "dist": {
                "type": "file",
                "url": "http://pear.php.net/get/Pager-2.4.9.tgz",
                "reference": null,
                "shasum": null
            },
            "require": {
                "php": ">=4.0.0.0"
            },
            "replace": {
                "pear-pear/pager": "== 2.4.9.0"
            },
            "type": "pear-library",
            "autoload": {
                "classmap": [
                    ""
                ]
            },
            "include-path": [
                "/"
            ],
            "license": [
                "BSD"
            ],
            "description": "It takes an array of data as input and pages it according to various parameters.\nIt also builds links within a specified range, and allows complete customization of the output (it even works with front controllers and mod_rewrite).\nTwo operating modes available: \"Jumping\" and \"Sliding\" window style."
        },
        {
            "name": "pear-pear.php.net/Services_Libravatar",
            "version": "0.2.3",
            "dist": {
                "type": "file",
                "url": "http://pear.php.net/get/Services_Libravatar-0.2.3.tgz",
                "reference": null,
                "shasum": null
            },
            "require": {
                "php": ">=5.3.0.0"
            },
            "replace": {
                "pear-pear/services_libravatar": "== 0.2.3.0"
            },
            "type": "pear-library",
            "autoload": {
                "classmap": [
                    ""
                ]
            },
            "include-path": [
                "/"
            ],
            "license": [
                "MIT License"
            ],
            "description": "Allows php applications to implement libravatar.org"
        },
        {
            "name": "pear-pear.php.net/Services_Yadis",
            "version": "0.5.2",
            "dist": {
                "type": "file",
                "url": "http://pear.php.net/get/Services_Yadis-0.5.2.tgz",
                "reference": null,
                "shasum": null
            },
            "require": {
                "pear-pear.php.net/http_request2": ">=0.5.1.0",
                "pear-pear.php.net/net_url2": "*",
                "pear-pear.php.net/validate": "*",
                "php": ">=5.2.0.0"
            },
            "replace": {
                "pear-pear/services_yadis": "== 0.5.2.0"
            },
            "type": "pear-library",
            "autoload": {
                "classmap": [
                    ""
                ]
            },
            "include-path": [
                "/"
            ],
            "license": [
                "New BSD License"
            ],
            "description": "Implementation of the Yadis Specification 1.0 protocol allowing a client to discover a list of Services a Yadis Identity Provider offers."
        },
        {
            "name": "pear-pear.php.net/Structures_Graph",
            "version": "1.1.1",
            "dist": {
                "type": "file",
                "url": "http://pear.php.net/get/Structures_Graph-1.1.1.tgz",
                "reference": null,
                "shasum": null
            },
            "require": {
                "php": ">=5.3.0.0"
            },
            "replace": {
                "pear-pear/structures_graph": "== 1.1.1.0"
            },
            "type": "pear-library",
            "autoload": {
                "classmap": [
                    ""
                ]
            },
            "include-path": [
                "/"
            ],
            "license": [
                "LGPL-3.0+"
            ],
            "description": "Structures_Graph is a package for creating and manipulating graph datastructures. It allows building of directed\nand undirected graphs, with data and metadata stored in nodes. The library provides functions for graph traversing\nas well as for characteristic extraction from the graph topology."
        },
        {
            "name": "pear-pear.php.net/System_Command",
            "version": "1.0.8",
            "dist": {
                "type": "file",
                "url": "http://pear.php.net/get/System_Command-1.0.8.tgz",
                "reference": null,
                "shasum": null
            },
            "require": {
                "php": ">=4.0.0.0"
            },
            "replace": {
                "pear-pear/system_command": "== 1.0.8.0"
            },
            "type": "pear-library",
            "autoload": {
                "classmap": [
                    ""
                ]
            },
            "include-path": [
                "/"
            ],
            "license": [
                "PHP License"
            ],
            "description": "System_Command is a commandline execution interface. Running functions from the commandline can be risky if the proper precautions are not taken to escape the shell arguments and reaping the exit status properly. This class provides a formal interface to both, so that you can run a system command as comfortably as you would run a php function, with full pear error handling as results on failure. It is important to note that this class, unlike other implementations, distinguishes between output to stderr and output to stdout. It also reports the exit status of the command. So in every sense of the word, it gives php shell capabilities."
        },
        {
            "name": "pear-pear.php.net/Validate",
            "version": "0.8.5",
            "dist": {
                "type": "file",
                "url": "http://pear.php.net/get/Validate-0.8.5.tgz",
                "reference": null,
                "shasum": null
            },
            "require": {
                "php": ">=4.2.0.0"
            },
            "replace": {
                "pear-pear/validate": "== 0.8.5.0"
            },
            "type": "pear-library",
            "autoload": {
                "classmap": [
                    ""
                ]
            },
            "include-path": [
                "/"
            ],
            "license": [
                "New BSD"
            ],
            "description": "Package to validate various datas. It includes :\n    - numbers (min/max, decimal or not)\n    - email (syntax, domain check, rfc822)\n    - string (predifined type alpha upper and/or lowercase, numeric,...)\n    - date (min, max, rfc822 compliant)\n    - uri (RFC2396)\n    - possibility valid multiple data with a single method call (::multiple)"
        },
        {
            "name": "pear-pear.php.net/VersionControl_Git",
            "version": "0.4.4",
            "dist": {
                "type": "file",
                "url": "http://pear.php.net/get/VersionControl_Git-0.4.4.tgz",
                "reference": null,
                "shasum": null
            },
            "require": {
                "php": ">=5.1.0.0"
            },
            "replace": {
                "pear-pear/versioncontrol_git": "== 0.4.4.0"
            },
            "type": "pear-library",
            "autoload": {
                "classmap": [
                    ""
                ]
            },
            "include-path": [
                "/"
            ],
            "license": [
                "Apache License"
            ],
            "description": "VersionControl_Git is a library that provides OO interface to handle Git repository.\n  You can use Git command via the wrapper class. Some features are provided by high-featured interface."
        },
        {
            "name": "pear-pear.php.net/XML_Util",
            "version": "1.3.0",
            "dist": {
                "type": "file",
                "url": "http://pear.php.net/get/XML_Util-1.3.0.tgz",
                "reference": null,
                "shasum": null
            },
            "require": {
                "ext-pcre": "*",
                "php": ">=5.3.0.0"
            },
            "replace": {
                "pear-pear/xml_util": "== 1.3.0.0"
            },
            "type": "pear-library",
            "autoload": {
                "classmap": [
                    ""
                ]
            },
            "include-path": [
                "/"
            ],
            "license": [
                "BSD License"
            ],
            "description": "Selection of methods that are often needed when working with XML documents.  Functionality includes creating of attribute lists from arrays, creation of tags, validation of XML names and more."
        },
        {
            "name": "pear-pear2.php.net/PEAR2_Services_Linkback",
            "version": "0.2.0",
            "dist": {
                "type": "file",
                "url": "http://pear2.php.net/get/PEAR2_Services_Linkback-0.2.0.tgz",
                "reference": null,
                "shasum": null
            },
            "replace": {
                "pear-pear2/pear2_services_linkback": "== 0.2.0.0"
            },
            "type": "pear-library",
            "autoload": {
                "classmap": [
                    ""
                ]
            },
            "include-path": [
                "/"
            ],
            "license": [
                "LGPL"
            ],
            "description": "Customizable and unit-tested Pingback and webmention client and server implementation."
        },
        {
            "name": "pear-zustellzentrum.cweiske.de/MIME_Type_PlainDetect",
            "version": "0.0.3",
            "dist": {
                "type": "file",
                "url": "http://zustellzentrum.cweiske.de/get/MIME_Type_PlainDetect-0.0.3.tgz",
                "reference": null,
                "shasum": null
            },
            "require": {
                "pear-pear.php.net/mime_type": ">=1.3.1.0",
                "pear-pear.php.net/system_command": ">=1.0.8.0",
                "php": ">=5.3.0.0"
            },
            "replace": {
                "pear-zz/mime_type_plaindetect": "== 0.0.3.0"
            },
            "type": "pear-library",
            "autoload": {
                "classmap": [
                    ""
                ]
            },
            "include-path": [
                "/"
            ],
            "license": [
                "LGPL"
            ],
            "description": "Detect the MIME type of source code files"
        },
        {
            "name": "twig/twig",
            "version": "v1.18.2",
            "source": {
                "type": "git",
                "url": "https://github.com/twigphp/Twig.git",
                "reference": "e8e6575abf6102af53ec283f7f14b89e304fa602"
            },
            "dist": {
                "type": "zip",
                "url": "https://api.github.com/repos/twigphp/Twig/zipball/e8e6575abf6102af53ec283f7f14b89e304fa602",
                "reference": "e8e6575abf6102af53ec283f7f14b89e304fa602",
                "shasum": ""
            },
            "require": {
                "php": ">=5.2.7"
            },
            "type": "library",
            "extra": {
                "branch-alias": {
                    "dev-master": "1.18-dev"
                }
            },
            "autoload": {
                "psr-0": {
                    "Twig_": "lib/"
                }
            },
            "notification-url": "https://packagist.org/downloads/",
            "license": [
                "BSD-3-Clause"
            ],
            "authors": [
                {
                    "name": "Fabien Potencier",
                    "email": "fabien@symfony.com",
                    "homepage": "http://fabien.potencier.org",
                    "role": "Lead Developer"
                },
                {
                    "name": "Armin Ronacher",
                    "email": "armin.ronacher@active-4.com",
                    "role": "Project Founder"
                },
                {
                    "name": "Twig Team",
                    "homepage": "http://twig.sensiolabs.org/contributors",
                    "role": "Contributors"
                }
            ],
            "description": "Twig, the flexible, fast, and secure template language for PHP",
            "homepage": "http://twig.sensiolabs.org",
            "keywords": [
                "templating"
            ],
            "time": "2015-06-06 23:31:24"
        }
    ],
    "packages-dev": [],
    "aliases": [],
    "minimum-stability": "stable",
    "stability-flags": {
        "geshi/geshi": 20
    },
    "prefer-stable": false,
    "prefer-lowest": false,
    "platform": [],
    "platform-dev": []
}
